
Microsoft Visual Studio Solution File, Format Version 12.00
# Visual Studio Version 16
VisualStudioVersion = 16.0.31613.86
MinimumVisualStudioVersion = 10.0.40219.1
Project("{9A19103F-16F7-4668-BE54-9A1E7A4F7556}") = "ThatStrangeProb", "ThatStrangeProb.csproj", "{29B2A2CB-C47F-4399-B549-8B20B065C088}"
EndProject
Global
	GlobalSection(SolutionConfigurationPlatforms) = preSolution
		Debug|Any CPU = Debug|Any CPU
		Release|Any CPU = Release|Any CPU
	EndGlobalSection
	GlobalSection(ProjectConfigurationPlatforms) = postSolution
		{29B2A2CB-C47F-4399-B549-8B20B065C088}.Debug|Any CPU.ActiveCfg = Debug|Any CPU
		{29B2A2CB-C47F-4399-B549-8B20B065C088}.Debug|Any CPU.Build.0 = Debug|Any CPU
		{29B2A2CB-C47F-4399-B549-8B20B065C088}.Release|Any CPU.ActiveCfg = Release|Any CPU
		{29B2A2CB-C47F-4399-B549-8B20B065C088}.Release|Any CPU.Build.0 = Release|Any CPU
	EndGlobalSection
	GlobalSection(SolutionProperties) = preSolution
		HideSolutionNode = FALSE
	EndGlobalSection
	GlobalSection(ExtensibilityGlobals) = postSolution
		SolutionGuid = {6D4B522D-DFF5-47DB-95F2-1C4ECD857C76}
	EndGlobalSection
EndGlobal
